
Microsoft Visual Studio Solution File, Format Version 12.00
# Visual Studio 15
VisualStudioVersion = 15.0.27428.2005
MinimumVisualStudioVersion = 10.0.40219.1
Project("{9A19103F-16F7-4668-BE54-9A1E7A4F7556}") = "ElevatorProgram", "ElevatorProgram\ElevatorProgram.csproj", "{74F612D5-D472-4770-94C7-F7F0F48A5F13}"
EndProject
Global
	GlobalSection(SolutionConfigurationPlatforms) = preSolution
		Debug|Any CPU = Debug|Any CPU
		Release|Any CPU = Release|Any CPU
	EndGlobalSection
	GlobalSection(ProjectConfigurationPlatforms) = postSolution
		{74F612D5-D472-4770-94C7-F7F0F48A5F13}.Debug|Any CPU.ActiveCfg = Debug|Any CPU
		{74F612D5-D472-4770-94C7-F7F0F48A5F13}.Debug|Any CPU.Build.0 = Debug|Any CPU
		{74F612D5-D472-4770-94C7-F7F0F48A5F13}.Release|Any CPU.ActiveCfg = Release|Any CPU
		{74F612D5-D472-4770-94C7-F7F0F48A5F13}.Release|Any CPU.Build.0 = Release|Any CPU
	EndGlobalSection
	GlobalSection(SolutionProperties) = preSolution
		HideSolutionNode = FALSE
	EndGlobalSection
	GlobalSection(ExtensibilityGlobals) = postSolution
		SolutionGuid = {0834AFFD-33E6-4484-9A15-4E316EF2302B}
	EndGlobalSection
EndGlobal
